
Microsoft Visual Studio Solution File, Format Version 12.00
# Visual Studio 15
VisualStudioVersion = 15.0.28307.168
MinimumVisualStudioVersion = 10.0.40219.1
Project("{FAE04EC0-301F-11D3-BF4B-00C04F79EFBC}") = "hello-world", "hello-world\hello-world.csproj", "{1CAB27C0-A15A-41A7-B839-169FE68D2DFE}"
EndProject
Global
	GlobalSection(SolutionConfigurationPlatforms) = preSolution
		Debug|Any CPU = Debug|Any CPU
		Release|Any CPU = Release|Any CPU
	EndGlobalSection
	GlobalSection(ProjectConfigurationPlatforms) = postSolution
		{1CAB27C0-A15A-41A7-B839-169FE68D2DFE}.Debug|Any CPU.ActiveCfg = Debug|Any CPU
		{1CAB27C0-A15A-41A7-B839-169FE68D2DFE}.Debug|Any CPU.Build.0 = Debug|Any CPU
		{1CAB27C0-A15A-41A7-B839-169FE68D2DFE}.Release|Any CPU.ActiveCfg = Release|Any CPU
		{1CAB27C0-A15A-41A7-B839-169FE68D2DFE}.Release|Any CPU.Build.0 = Release|Any CPU
	EndGlobalSection
	GlobalSection(SolutionProperties) = preSolution
		HideSolutionNode = FALSE
	EndGlobalSection
	GlobalSection(ExtensibilityGlobals) = postSolution
		SolutionGuid = {F279750A-FA02-44DB-AC27-865179103FB9}
	EndGlobalSection
EndGlobal
